
Microsoft Visual Studio Solution File, Format Version 12.00
# Visual Studio Version 17
VisualStudioVersion = 17.0.32112.339
MinimumVisualStudioVersion = 10.0.40219.1
Project("{FAE04EC0-301F-11D3-BF4B-00C04F79EFBC}") = "RoomBuilderCLI", "RoomBuilderCLI\RoomBuilderCLI.csproj", "{528BCDC1-98BC-461C-AFAE-250BDFCD8C45}"
EndProject
Project("{FAE04EC0-301F-11D3-BF4B-00C04F79EFBC}") = "Lib", "Lib\Lib.csproj", "{388C8D14-6D7B-4349-8FEF-186A84125416}"
EndProject
Global
	GlobalSection(SolutionConfigurationPlatforms) = preSolution
		Debug|Any CPU = Debug|Any CPU
		Release|Any CPU = Release|Any CPU
	EndGlobalSection
	GlobalSection(ProjectConfigurationPlatforms) = postSolution
		{528BCDC1-98BC-461C-AFAE-250BDFCD8C45}.Debug|Any CPU.ActiveCfg = Debug|Any CPU
		{528BCDC1-98BC-461C-AFAE-250BDFCD8C45}.Debug|Any CPU.Build.0 = Debug|Any CPU
		{528BCDC1-98BC-461C-AFAE-250BDFCD8C45}.Release|Any CPU.ActiveCfg = Release|Any CPU
		{528BCDC1-98BC-461C-AFAE-250BDFCD8C45}.Release|Any CPU.Build.0 = Release|Any CPU
		{388C8D14-6D7B-4349-8FEF-186A84125416}.Debug|Any CPU.ActiveCfg = Debug|Any CPU
		{388C8D14-6D7B-4349-8FEF-186A84125416}.Debug|Any CPU.Build.0 = Debug|Any CPU
		{388C8D14-6D7B-4349-8FEF-186A84125416}.Release|Any CPU.ActiveCfg = Release|Any CPU
		{388C8D14-6D7B-4349-8FEF-186A84125416}.Release|Any CPU.Build.0 = Release|Any CPU
	EndGlobalSection
	GlobalSection(SolutionProperties) = preSolution
		HideSolutionNode = FALSE
	EndGlobalSection
	GlobalSection(ExtensibilityGlobals) = postSolution
		SolutionGuid = {6506BFEE-8010-4EEB-98B3-CB84FE8E700A}
	EndGlobalSection
EndGlobal
